
Microsoft Visual Studio Solution File, Format Version 12.00
# Visual Studio Version 16
VisualStudioVersion = 16.0.29215.179
MinimumVisualStudioVersion = 10.0.40219.1
Project("{FAE04EC0-301F-11D3-BF4B-00C04F79EFBC}") = "TiendaMachingon.Common", "TiendaMachingon.Common\TiendaMachingon.Common.csproj", "{B1D052C5-C696-41BF-825B-FCC57A185793}"
EndProject
Project("{2150E333-8FDC-42A3-9474-1A3956D46DE8}") = "Backend", "Backend", "{80F89DBC-5214-4838-AADC-1A0218FF278E}"
EndProject
Project("{2150E333-8FDC-42A3-9474-1A3956D46DE8}") = "Frontend", "Frontend", "{79D765C6-D156-4729-91D3-90BF5C0146B0}"
EndProject
Project("{FAE04EC0-301F-11D3-BF4B-00C04F79EFBC}") = "TiendaMachingon.Web", "TiendaMachingon.Web\TiendaMachingon.Web.csproj", "{BB74AE39-DDF3-4AA0-B507-EBA10F0BC1FB}"
EndProject
Project("{2150E333-8FDC-42A3-9474-1A3956D46DE8}") = "Classics", "Classics", "{FF6F6473-FA40-41D9-BA30-8EEDDB6F1FD0}"
EndProject
Project("{2150E333-8FDC-42A3-9474-1A3956D46DE8}") = "Forms", "Forms", "{C7705863-9175-4C7B-8306-61F9D99E74F0}"
EndProject
Project("{FAE04EC0-301F-11D3-BF4B-00C04F79EFBC}") = "TiendaMachingon.UIForms.Android", "TiendaMachingon.UIForms\TiendaMachingon.UIForms.Android\TiendaMachingon.UIForms.Android.csproj", "{01C3581D-9528-4B57-95D8-0AF760FDBF19}"
EndProject
Project("{FAE04EC0-301F-11D3-BF4B-00C04F79EFBC}") = "TiendaMachingon.UIForms.iOS", "TiendaMachingon.UIForms\TiendaMachingon.UIForms.iOS\TiendaMachingon.UIForms.iOS.csproj", "{60CA71FB-EEAC-4F82-A3BE-52E7C8FEDF5A}"
EndProject
Project("{FAE04EC0-301F-11D3-BF4B-00C04F79EFBC}") = "TiendaMachingon.UIForms", "TiendaMachingon.UIForms\TiendaMachingon.UIForms\TiendaMachingon.UIForms.csproj", "{CE1476F6-B54C-47AA-844D-0D1DB10E28CB}"
EndProject
Project("{FAE04EC0-301F-11D3-BF4B-00C04F79EFBC}") = "TiendaMachingon.UIClassic", "TiendaMachingon.UIClassic\TiendaMachingon.UIClassic.csproj", "{24C9EDD4-0E33-498B-B838-4A38A53676E0}"
EndProject
Project("{FAE04EC0-301F-11D3-BF4B-00C04F79EFBC}") = "TiendaMachingon.UIClassic.Android.Android", "TiendaMachingon.UIClassic.Android\TiendaMachingon.UIClassic.Android.Android\TiendaMachingon.UIClassic.Android.Android.csproj", "{8E83E61D-21DF-4894-B9F1-FBB0EDC6F86C}"
EndProject
Project("{FAE04EC0-301F-11D3-BF4B-00C04F79EFBC}") = "TiendaMachingon.UIClassic.Android.iOS", "TiendaMachingon.UIClassic.Android\TiendaMachingon.UIClassic.Android.iOS\TiendaMachingon.UIClassic.Android.iOS.csproj", "{ABCD0E90-ACF3-4B7E-8F86-E90B957CC35F}"
EndProject
Project("{FAE04EC0-301F-11D3-BF4B-00C04F79EFBC}") = "TiendaMachingon.UIClassic.Android", "TiendaMachingon.UIClassic.Android\TiendaMachingon.UIClassic.Android\TiendaMachingon.UIClassic.Android.csproj", "{E0758F08-C4E3-42A9-9AD7-B3E4B28E43DC}"
EndProject
Project("{FAE04EC0-301F-11D3-BF4B-00C04F79EFBC}") = "TiendaMachingon.UIClassic.iOS", "TiendaMachingon.UIClassic.iOS\TiendaMachingon.UIClassic.iOS.csproj", "{22B5A376-5375-4473-8149-A2D33D5D1897}"
EndProject
Global
	GlobalSection(SolutionConfigurationPlatforms) = preSolution
		Debug|Any CPU = Debug|Any CPU
		Debug|iPhone = Debug|iPhone
		Debug|iPhoneSimulator = Debug|iPhoneSimulator
		Release|Any CPU = Release|Any CPU
		Release|iPhone = Release|iPhone
		Release|iPhoneSimulator = Release|iPhoneSimulator
	EndGlobalSection
	GlobalSection(ProjectConfigurationPlatforms) = postSolution
		{B1D052C5-C696-41BF-825B-FCC57A185793}.Debug|Any CPU.ActiveCfg = Debug|Any CPU
		{B1D052C5-C696-41BF-825B-FCC57A185793}.Debug|Any CPU.Build.0 = Debug|Any CPU
		{B1D052C5-C696-41BF-825B-FCC57A185793}.Debug|iPhone.ActiveCfg = Debug|Any CPU
		{B1D052C5-C696-41BF-825B-FCC57A185793}.Debug|iPhone.Build.0 = Debug|Any CPU
		{B1D052C5-C696-41BF-825B-FCC57A185793}.Debug|iPhoneSimulator.ActiveCfg = Debug|Any CPU
		{B1D052C5-C696-41BF-825B-FCC57A185793}.Debug|iPhoneSimulator.Build.0 = Debug|Any CPU
		{B1D052C5-C696-41BF-825B-FCC57A185793}.Release|Any CPU.ActiveCfg = Release|Any CPU
		{B1D052C5-C696-41BF-825B-FCC57A185793}.Release|Any CPU.Build.0 = Release|Any CPU
		{B1D052C5-C696-41BF-825B-FCC57A185793}.Release|iPhone.ActiveCfg = Release|Any CPU
		{B1D052C5-C696-41BF-825B-FCC57A185793}.Release|iPhone.Build.0 = Release|Any CPU
		{B1D052C5-C696-41BF-825B-FCC57A185793}.Release|iPhoneSimulator.ActiveCfg = Release|Any CPU
		{B1D052C5-C696-41BF-825B-FCC57A185793}.Release|iPhoneSimulator.Build.0 = Release|Any CPU
		{BB74AE39-DDF3-4AA0-B507-EBA10F0BC1FB}.Debug|Any CPU.ActiveCfg = Debug|Any CPU
		{BB74AE39-DDF3-4AA0-B507-EBA10F0BC1FB}.Debug|Any CPU.Build.0 = Debug|Any CPU
		{BB74AE39-DDF3-4AA0-B507-EBA10F0BC1FB}.Debug|iPhone.ActiveCfg = Debug|Any CPU
		{BB74AE39-DDF3-4AA0-B507-EBA10F0BC1FB}.Debug|iPhone.Build.0 = Debug|Any CPU
		{BB74AE39-DDF3-4AA0-B507-EBA10F0BC1FB}.Debug|iPhoneSimulator.ActiveCfg = Debug|Any CPU
		{BB74AE39-DDF3-4AA0-B507-EBA10F0BC1FB}.Debug|iPhoneSimulator.Build.0 = Debug|Any CPU
		{BB74AE39-DDF3-4AA0-B507-EBA10F0BC1FB}.Release|Any CPU.ActiveCfg = Release|Any CPU
		{BB74AE39-DDF3-4AA0-B507-EBA10F0BC1FB}.Release|Any CPU.Build.0 = Release|Any CPU
		{BB74AE39-DDF3-4AA0-B507-EBA10F0BC1FB}.Release|iPhone.ActiveCfg = Release|Any CPU
		{BB74AE39-DDF3-4AA0-B507-EBA10F0BC1FB}.Release|iPhone.Build.0 = Release|Any CPU
		{BB74AE39-DDF3-4AA0-B507-EBA10F0BC1FB}.Release|iPhoneSimulator.ActiveCfg = Release|Any CPU
		{BB74AE39-DDF3-4AA0-B507-EBA10F0BC1FB}.Release|iPhoneSimulator.Build.0 = Release|Any CPU
		{01C3581D-9528-4B57-95D8-0AF760FDBF19}.Debug|Any CPU.ActiveCfg = Debug|Any CPU
		{01C3581D-9528-4B57-95D8-0AF760FDBF19}.Debug|Any CPU.Build.0 = Debug|Any CPU
		{01C3581D-9528-4B57-95D8-0AF760FDBF19}.Debug|Any CPU.Deploy.0 = Debug|Any CPU
		{01C3581D-9528-4B57-95D8-0AF760FDBF19}.Debug|iPhone.ActiveCfg = Debug|Any CPU
		{01C3581D-9528-4B57-95D8-0AF760FDBF19}.Debug|iPhone.Build.0 = Debug|Any CPU
		{01C3581D-9528-4B57-95D8-0AF760FDBF19}.Debug|iPhone.Deploy.0 = Debug|Any CPU
		{01C3581D-9528-4B57-95D8-0AF760FDBF19}.Debug|iPhoneSimulator.ActiveCfg = Debug|Any CPU
		{01C3581D-9528-4B57-95D8-0AF760FDBF19}.Debug|iPhoneSimulator.Build.0 = Debug|Any CPU
		{01C3581D-9528-4B57-95D8-0AF760FDBF19}.Debug|iPhoneSimulator.Deploy.0 = Debug|Any CPU
		{01C3581D-9528-4B57-95D8-0AF760FDBF19}.Release|Any CPU.ActiveCfg = Release|Any CPU
		{01C3581D-9528-4B57-95D8-0AF760FDBF19}.Release|Any CPU.Build.0 = Release|Any CPU
		{01C3581D-9528-4B57-95D8-0AF760FDBF19}.Release|Any CPU.Deploy.0 = Release|Any CPU
		{01C3581D-9528-4B57-95D8-0AF760FDBF19}.Release|iPhone.ActiveCfg = Release|Any CPU
		{01C3581D-9528-4B57-95D8-0AF760FDBF19}.Release|iPhone.Build.0 = Release|Any CPU
		{01C3581D-9528-4B57-95D8-0AF760FDBF19}.Release|iPhone.Deploy.0 = Release|Any CPU
		{01C3581D-9528-4B57-95D8-0AF760FDBF19}.Release|iPhoneSimulator.ActiveCfg = Release|Any CPU
		{01C3581D-9528-4B57-95D8-0AF760FDBF19}.Release|iPhoneSimulator.Build.0 = Release|Any CPU
		{01C3581D-9528-4B57-95D8-0AF760FDBF19}.Release|iPhoneSimulator.Deploy.0 = Release|Any CPU
		{60CA71FB-EEAC-4F82-A3BE-52E7C8FEDF5A}.Debug|Any CPU.ActiveCfg = Debug|iPhone
		{60CA71FB-EEAC-4F82-A3BE-52E7C8FEDF5A}.Debug|iPhone.ActiveCfg = Debug|iPhone
		{60CA71FB-EEAC-4F82-A3BE-52E7C8FEDF5A}.Debug|iPhone.Build.0 = Debug|iPhone
		{60CA71FB-EEAC-4F82-A3BE-52E7C8FEDF5A}.Debug|iPhoneSimulator.ActiveCfg = Debug|iPhoneSimulator
		{60CA71FB-EEAC-4F82-A3BE-52E7C8FEDF5A}.Debug|iPhoneSimulator.Build.0 = Debug|iPhoneSimulator
		{60CA71FB-EEAC-4F82-A3BE-52E7C8FEDF5A}.Release|Any CPU.ActiveCfg = Release|iPhone
		{60CA71FB-EEAC-4F82-A3BE-52E7C8FEDF5A}.Release|iPhone.ActiveCfg = Release|iPhone
		{60CA71FB-EEAC-4F82-A3BE-52E7C8FEDF5A}.Release|iPhone.Build.0 = Release|iPhone
		{60CA71FB-EEAC-4F82-A3BE-52E7C8FEDF5A}.Release|iPhoneSimulator.ActiveCfg = Release|iPhoneSimulator
		{60CA71FB-EEAC-4F82-A3BE-52E7C8FEDF5A}.Release|iPhoneSimulator.Build.0 = Release|iPhoneSimulator
		{CE1476F6-B54C-47AA-844D-0D1DB10E28CB}.Debug|Any CPU.ActiveCfg = Debug|Any CPU
		{CE1476F6-B54C-47AA-844D-0D1DB10E28CB}.Debug|Any CPU.Build.0 = Debug|Any CPU
		{CE1476F6-B54C-47AA-844D-0D1DB10E28CB}.Debug|iPhone.ActiveCfg = Debug|Any CPU
		{CE1476F6-B54C-47AA-844D-0D1DB10E28CB}.Debug|iPhone.Build.0 = Debug|Any CPU
		{CE1476F6-B54C-47AA-844D-0D1DB10E28CB}.Debug|iPhoneSimulator.ActiveCfg = Debug|Any CPU
		{CE1476F6-B54C-47AA-844D-0D1DB10E28CB}.Debug|iPhoneSimulator.Build.0 = Debug|Any CPU
		{CE1476F6-B54C-47AA-844D-0D1DB10E28CB}.Release|Any CPU.ActiveCfg = Release|Any CPU
		{CE1476F6-B54C-47AA-844D-0D1DB10E28CB}.Release|Any CPU.Build.0 = Release|Any CPU
		{CE1476F6-B54C-47AA-844D-0D1DB10E28CB}.Release|iPhone.ActiveCfg = Release|Any CPU
		{CE1476F6-B54C-47AA-844D-0D1DB10E28CB}.Release|iPhone.Build.0 = Release|Any CPU
		{CE1476F6-B54C-47AA-844D-0D1DB10E28CB}.Release|iPhoneSimulator.ActiveCfg = Release|Any CPU
		{CE1476F6-B54C-47AA-844D-0D1DB10E28CB}.Release|iPhoneSimulator.Build.0 = Release|Any CPU
		{24C9EDD4-0E33-498B-B838-4A38A53676E0}.Debug|Any CPU.ActiveCfg = Debug|Any CPU
		{24C9EDD4-0E33-498B-B838-4A38A53676E0}.Debug|Any CPU.Build.0 = Debug|Any CPU
		{24C9EDD4-0E33-498B-B838-4A38A53676E0}.Debug|iPhone.ActiveCfg = Debug|Any CPU
		{24C9EDD4-0E33-498B-B838-4A38A53676E0}.Debug|iPhone.Build.0 = Debug|Any CPU
		{24C9EDD4-0E33-498B-B838-4A38A53676E0}.Debug|iPhoneSimulator.ActiveCfg = Debug|Any CPU
		{24C9EDD4-0E33-498B-B838-4A38A53676E0}.Debug|iPhoneSimulator.Build.0 = Debug|Any CPU
		{24C9EDD4-0E33-498B-B838-4A38A53676E0}.Release|Any CPU.ActiveCfg = Release|Any CPU
		{24C9EDD4-0E33-498B-B838-4A38A53676E0}.Release|Any CPU.Build.0 = Release|Any CPU
		{24C9EDD4-0E33-498B-B838-4A38A53676E0}.Release|iPhone.ActiveCfg = Release|Any CPU
		{24C9EDD4-0E33-498B-B838-4A38A53676E0}.Release|iPhone.Build.0 = Release|Any CPU
		{24C9EDD4-0E33-498B-B838-4A38A53676E0}.Release|iPhoneSimulator.ActiveCfg = Release|Any CPU
		{24C9EDD4-0E33-498B-B838-4A38A53676E0}.Release|iPhoneSimulator.Build.0 = Release|Any CPU
		{8E83E61D-21DF-4894-B9F1-FBB0EDC6F86C}.Debug|Any CPU.ActiveCfg = Debug|Any CPU
		{8E83E61D-21DF-4894-B9F1-FBB0EDC6F86C}.Debug|Any CPU.Build.0 = Debug|Any CPU
		{8E83E61D-21DF-4894-B9F1-FBB0EDC6F86C}.Debug|Any CPU.Deploy.0 = Debug|Any CPU
		{8E83E61D-21DF-4894-B9F1-FBB0EDC6F86C}.Debug|iPhone.ActiveCfg = Debug|Any CPU
		{8E83E61D-21DF-4894-B9F1-FBB0EDC6F86C}.Debug|iPhone.Build.0 = Debug|Any CPU
		{8E83E61D-21DF-4894-B9F1-FBB0EDC6F86C}.Debug|iPhone.Deploy.0 = Debug|Any CPU
		{8E83E61D-21DF-4894-B9F1-FBB0EDC6F86C}.Debug|iPhoneSimulator.ActiveCfg = Debug|Any CPU
		{8E83E61D-21DF-4894-B9F1-FBB0EDC6F86C}.Debug|iPhoneSimulator.Build.0 = Debug|Any CPU
		{8E83E61D-21DF-4894-B9F1-FBB0EDC6F86C}.Debug|iPhoneSimulator.Deploy.0 = Debug|Any CPU
		{8E83E61D-21DF-4894-B9F1-FBB0EDC6F86C}.Release|Any CPU.ActiveCfg = Release|Any CPU
		{8E83E61D-21DF-4894-B9F1-FBB0EDC6F86C}.Release|Any CPU.Build.0 = Release|Any CPU
		{8E83E61D-21DF-4894-B9F1-FBB0EDC6F86C}.Release|Any CPU.Deploy.0 = Release|Any CPU
		{8E83E61D-21DF-4894-B9F1-FBB0EDC6F86C}.Release|iPhone.ActiveCfg = Release|Any CPU
		{8E83E61D-21DF-4894-B9F1-FBB0EDC6F86C}.Release|iPhone.Build.0 = Release|Any CPU
		{8E83E61D-21DF-4894-B9F1-FBB0EDC6F86C}.Release|iPhone.Deploy.0 = Release|Any CPU
		{8E83E61D-21DF-4894-B9F1-FBB0EDC6F86C}.Release|iPhoneSimulator.ActiveCfg = Release|Any CPU
		{8E83E61D-21DF-4894-B9F1-FBB0EDC6F86C}.Release|iPhoneSimulator.Build.0 = Release|Any CPU
		{8E83E61D-21DF-4894-B9F1-FBB0EDC6F86C}.Release|iPhoneSimulator.Deploy.0 = Release|Any CPU
		{ABCD0E90-ACF3-4B7E-8F86-E90B957CC35F}.Debug|Any CPU.ActiveCfg = Debug|iPhone
		{ABCD0E90-ACF3-4B7E-8F86-E90B957CC35F}.Debug|iPhone.ActiveCfg = Debug|iPhone
		{ABCD0E90-ACF3-4B7E-8F86-E90B957CC35F}.Debug|iPhone.Build.0 = Debug|iPhone
		{ABCD0E90-ACF3-4B7E-8F86-E90B957CC35F}.Debug|iPhoneSimulator.ActiveCfg = Debug|iPhoneSimulator
		{ABCD0E90-ACF3-4B7E-8F86-E90B957CC35F}.Debug|iPhoneSimulator.Build.0 = Debug|iPhoneSimulator
		{ABCD0E90-ACF3-4B7E-8F86-E90B957CC35F}.Release|Any CPU.ActiveCfg = Release|iPhone
		{ABCD0E90-ACF3-4B7E-8F86-E90B957CC35F}.Release|iPhone.ActiveCfg = Release|iPhone
		{ABCD0E90-ACF3-4B7E-8F86-E90B957CC35F}.Release|iPhone.Build.0 = Release|iPhone
		{ABCD0E90-ACF3-4B7E-8F86-E90B957CC35F}.Release|iPhoneSimulator.ActiveCfg = Release|iPhoneSimulator
		{ABCD0E90-ACF3-4B7E-8F86-E90B957CC35F}.Release|iPhoneSimulator.Build.0 = Release|iPhoneSimulator
		{E0758F08-C4E3-42A9-9AD7-B3E4B28E43DC}.Debug|Any CPU.ActiveCfg = Debug|Any CPU
		{E0758F08-C4E3-42A9-9AD7-B3E4B28E43DC}.Debug|Any CPU.Build.0 = Debug|Any CPU
		{E0758F08-C4E3-42A9-9AD7-B3E4B28E43DC}.Debug|iPhone.ActiveCfg = Debug|Any CPU
		{E0758F08-C4E3-42A9-9AD7-B3E4B28E43DC}.Debug|iPhone.Build.0 = Debug|Any CPU
		{E0758F08-C4E3-42A9-9AD7-B3E4B28E43DC}.Debug|iPhoneSimulator.ActiveCfg = Debug|Any CPU
		{E0758F08-C4E3-42A9-9AD7-B3E4B28E43DC}.Debug|iPhoneSimulator.Build.0 = Debug|Any CPU
		{E0758F08-C4E3-42A9-9AD7-B3E4B28E43DC}.Release|Any CPU.ActiveCfg = Release|Any CPU
		{E0758F08-C4E3-42A9-9AD7-B3E4B28E43DC}.Release|Any CPU.Build.0 = Release|Any CPU
		{E0758F08-C4E3-42A9-9AD7-B3E4B28E43DC}.Release|iPhone.ActiveCfg = Release|Any CPU
		{E0758F08-C4E3-42A9-9AD7-B3E4B28E43DC}.Release|iPhone.Build.0 = Release|Any CPU
		{E0758F08-C4E3-42A9-9AD7-B3E4B28E43DC}.Release|iPhoneSimulator.ActiveCfg = Release|Any CPU
		{E0758F08-C4E3-42A9-9AD7-B3E4B28E43DC}.Release|iPhoneSimulator.Build.0 = Release|Any CPU
		{22B5A376-5375-4473-8149-A2D33D5D1897}.Debug|Any CPU.ActiveCfg = Debug|iPhone
		{22B5A376-5375-4473-8149-A2D33D5D1897}.Debug|iPhone.ActiveCfg = Debug|iPhone
		{22B5A376-5375-4473-8149-A2D33D5D1897}.Debug|iPhone.Build.0 = Debug|iPhone
		{22B5A376-5375-4473-8149-A2D33D5D1897}.Debug|iPhoneSimulator.ActiveCfg = Debug|iPhoneSimulator
		{22B5A376-5375-4473-8149-A2D33D5D1897}.Debug|iPhoneSimulator.Build.0 = Debug|iPhoneSimulator
		{22B5A376-5375-4473-8149-A2D33D5D1897}.Release|Any CPU.ActiveCfg = Release|iPhone
		{22B5A376-5375-4473-8149-A2D33D5D1897}.Release|iPhone.ActiveCfg = Release|iPhone
		{22B5A376-5375-4473-8149-A2D33D5D1897}.Release|iPhone.Build.0 = Release|iPhone
		{22B5A376-5375-4473-8149-A2D33D5D1897}.Release|iPhoneSimulator.ActiveCfg = Release|iPhoneSimulator
		{22B5A376-5375-4473-8149-A2D33D5D1897}.Release|iPhoneSimulator.Build.0 = Release|iPhoneSimulator
	EndGlobalSection
	GlobalSection(SolutionProperties) = preSolution
		HideSolutionNode = FALSE
	EndGlobalSection
	GlobalSection(NestedProjects) = preSolution
		{BB74AE39-DDF3-4AA0-B507-EBA10F0BC1FB} = {80F89DBC-5214-4838-AADC-1A0218FF278E}
		{FF6F6473-FA40-41D9-BA30-8EEDDB6F1FD0} = {79D765C6-D156-4729-91D3-90BF5C0146B0}
		{C7705863-9175-4C7B-8306-61F9D99E74F0} = {79D765C6-D156-4729-91D3-90BF5C0146B0}
		{01C3581D-9528-4B57-95D8-0AF760FDBF19} = {C7705863-9175-4C7B-8306-61F9D99E74F0}
		{60CA71FB-EEAC-4F82-A3BE-52E7C8FEDF5A} = {C7705863-9175-4C7B-8306-61F9D99E74F0}
		{CE1476F6-B54C-47AA-844D-0D1DB10E28CB} = {C7705863-9175-4C7B-8306-61F9D99E74F0}
		{24C9EDD4-0E33-498B-B838-4A38A53676E0} = {FF6F6473-FA40-41D9-BA30-8EEDDB6F1FD0}
		{8E83E61D-21DF-4894-B9F1-FBB0EDC6F86C} = {FF6F6473-FA40-41D9-BA30-8EEDDB6F1FD0}
		{22B5A376-5375-4473-8149-A2D33D5D1897} = {FF6F6473-FA40-41D9-BA30-8EEDDB6F1FD0}
	EndGlobalSection
	GlobalSection(ExtensibilityGlobals) = postSolution
		SolutionGuid = {F75B1E11-FCA5-446D-BA10-64A193A72E3E}
	EndGlobalSection
EndGlobal
